
Microsoft Visual Studio Solution File, Format Version 12.00
# Visual Studio 15
VisualStudioVersion = 15.0.27703.2000
MinimumVisualStudioVersion = 10.0.40219.1
Project("{FAE04EC0-301F-11D3-BF4B-00C04F79EFBC}") = "ContactWriter", "ContactWriter\ContactWriter.csproj", "{D1232CA9-F3A5-4B6A-88CD-3DAE4DC652B2}"
EndProject
Global
	GlobalSection(SolutionConfigurationPlatforms) = preSolution
		Debug|Any CPU = Debug|Any CPU
		Release|Any CPU = Release|Any CPU
	EndGlobalSection
	GlobalSection(ProjectConfigurationPlatforms) = postSolution
		{D1232CA9-F3A5-4B6A-88CD-3DAE4DC652B2}.Debug|Any CPU.ActiveCfg = Debug|Any CPU
		{D1232CA9-F3A5-4B6A-88CD-3DAE4DC652B2}.Debug|Any CPU.Build.0 = Debug|Any CPU
		{D1232CA9-F3A5-4B6A-88CD-3DAE4DC652B2}.Release|Any CPU.ActiveCfg = Release|Any CPU
		{D1232CA9-F3A5-4B6A-88CD-3DAE4DC652B2}.Release|Any CPU.Build.0 = Release|Any CPU
	EndGlobalSection
	GlobalSection(SolutionProperties) = preSolution
		HideSolutionNode = FALSE
	EndGlobalSection
	GlobalSection(ExtensibilityGlobals) = postSolution
		SolutionGuid = {951A49E4-4A28-4E57-A4EE-A018C344FEB6}
	EndGlobalSection
EndGlobal
